<?xml version="1.0" encoding="UTF-8" standalone="yes" ?>
<CodeBlocks_project_file>
	<FileVersion major="1" minor="6" />
	<Project>
		<Option title="CasioCalculadoraCientifica" />
		<Option pch_mode="2" />
		<Option compiler="gcc" />
		<Build>
			<Target title="Debug">
				<Option output="bin/Debug/CasioCalculadoraCientifica" prefix_auto="1" extension_auto="1" />
				<Option object_output="obj/Debug/" />
				<Option type="1" />
				<Option compiler="gcc" />
				<Compiler>
					<Add option="-g" />
				</Compiler>
				<Linker>
					<Add library="m" />
				</Linker>
			</Target>
			<Target title="Release">
				<Option output="bin/Release/CasioCalculadoraCientifica" prefix_auto="1" extension_auto="1" />
				<Option object_output="obj/Release/" />
				<Option type="1" />
				<Option compiler="gcc" />
				<Compiler>
					<Add option="-O2" />
				</Compiler>
				<Linker>
					<Add option="-s" />
				</Linker>
			</Target>
		</Build>
		<Compiler>
			<Add option="-Wall" />
		</Compiler>
		<Unit filename="Pila.c">
			<Option compilerVar="CC" />
		</Unit>
		<Unit filename="Pila.h" />
		<Unit filename="Utils.c">
			<Option compilerVar="CC" />
		</Unit>
		<Unit filename="Utils.h" />
		<Unit filename="constantes.h" />
		<Unit filename="main.c">
			<Option compilerVar="CC" />
		</Unit>
		<Unit filename="moduloA.c">
			<Option compilerVar="CC" />
		</Unit>
		<Unit filename="moduloA.h" />
		<Unit filename="moduloB.c">
			<Option compilerVar="CC" />
		</Unit>
		<Unit filename="moduloB.h" />
		<Unit filename="moduloC.c">
			<Option compilerVar="CC" />
		</Unit>
		<Unit filename="moduloC.h" />
		<Unit filename="moduloD.c">
			<Option compilerVar="CC" />
		</Unit>
		<Unit filename="moduloD.h" />
		<Unit filename="moduloE.c">
			<Option compilerVar="CC" />
		</Unit>
		<Unit filename="moduloE.h" />
		<Unit filename="moduloF.c">
			<Option compilerVar="CC" />
		</Unit>
		<Unit filename="moduloF.h" />
		<Unit filename="parser_funciones.c">
			<Option compilerVar="CC" />
		</Unit>
		<Unit filename="parser_funciones.h" />
		<Unit filename="reemplazar_variables.c">
			<Option compilerVar="CC" />
		</Unit>
		<Unit filename="reemplazar_variables.h" />
		<Extensions />
	</Project>
</CodeBlocks_project_file>
